// !$*UTF8*$!
{
	archiveVersion = 1;
	classes = {
	};
	objectVersion = 46;
	objects = {

/* Begin PBXBuildFile section */
		0B7BD6F0DD3592E7017E87C3 /* Pods_Deeper.framework in Frameworks */ = {isa = PBXBuildFile; fileRef = 080334CDFEDD657B1D90D168 /* Pods_Deeper.framework */; };
		8639ABDA1F4F269400A623F9 /* ColorHelper.swift in Sources */ = {isa = PBXBuildFile; fileRef = 8639ABD91F4F269400A623F9 /* ColorHelper.swift */; };
		8639ABDC1F4F2F3A00A623F9 /* SwipedLeft.swift in Sources */ = {isa = PBXBuildFile; fileRef = 8639ABDB1F4F2F3A00A623F9 /* SwipedLeft.swift */; };
		8639ABDF1F4F2FD000A623F9 /* SwipedDown.swift in Sources */ = {isa = PBXBuildFile; fileRef = 8639ABDE1F4F2FD000A623F9 /* SwipedDown.swift */; };
		8639ABE11F4F304100A623F9 /* SwipedRight.swift in Sources */ = {isa = PBXBuildFile; fileRef = 8639ABE01F4F304100A623F9 /* SwipedRight.swift */; };
		8639ABE31F4F309400A623F9 /* SwipedUp.swift in Sources */ = {isa = PBXBuildFile; fileRef = 8639ABE21F4F309400A623F9 /* SwipedUp.swift */; };
		8639ABE51F4F377700A623F9 /* ScreenTapped.swift in Sources */ = {isa = PBXBuildFile; fileRef = 8639ABE41F4F377700A623F9 /* ScreenTapped.swift */; };
		864B21681F2C8E9C0087856E /* ListNameViewController.swift in Sources */ = {isa = PBXBuildFile; fileRef = 864B21661F2C8D280087856E /* ListNameViewController.swift */; };
		864B216C1F2ECE010087856E /* ListViewController.swift in Sources */ = {isa = PBXBuildFile; fileRef = 864B216B1F2ECE010087856E /* ListViewController.swift */; };
		864B216E1F2ED0EE0087856E /* ListNameCell.swift in Sources */ = {isa = PBXBuildFile; fileRef = 864B216D1F2ED0EE0087856E /* ListNameCell.swift */; };
		864B21741F2F1D4E0087856E /* CoreDataHelper.swift in Sources */ = {isa = PBXBuildFile; fileRef = 864B21731F2F1D4E0087856E /* CoreDataHelper.swift */; };
		864B21761F3027280087856E /* wordCell.swift in Sources */ = {isa = PBXBuildFile; fileRef = 864B21751F3027280087856E /* wordCell.swift */; };
		8650A0D01F2C5BBD00FF0EB3 /* AppDelegate.swift in Sources */ = {isa = PBXBuildFile; fileRef = 8650A0CF1F2C5BBD00FF0EB3 /* AppDelegate.swift */; };
		8650A0D51F2C5BBD00FF0EB3 /* Main.storyboard in Resources */ = {isa = PBXBuildFile; fileRef = 8650A0D31F2C5BBD00FF0EB3 /* Main.storyboard */; };
		8650A0D81F2C5BBD00FF0EB3 /* Deeper.xcdatamodeld in Sources */ = {isa = PBXBuildFile; fileRef = 8650A0D61F2C5BBD00FF0EB3 /* Deeper.xcdatamodeld */; };
		8650A0DA1F2C5BBD00FF0EB3 /* Assets.xcassets in Resources */ = {isa = PBXBuildFile; fileRef = 8650A0D91F2C5BBD00FF0EB3 /* Assets.xcassets */; };
		8650A0DD1F2C5BBD00FF0EB3 /* LaunchScreen.storyboard in Resources */ = {isa = PBXBuildFile; fileRef = 8650A0DB1F2C5BBD00FF0EB3 /* LaunchScreen.storyboard */; };
		868C210A1F3046480077A056 /* ManualAddWordViewController.swift in Sources */ = {isa = PBXBuildFile; fileRef = 868C21091F3046480077A056 /* ManualAddWordViewController.swift */; };
		868C210E1F3067310077A056 /* ScanAddWordViewController.swift in Sources */ = {isa = PBXBuildFile; fileRef = 868C210D1F3067310077A056 /* ScanAddWordViewController.swift */; };
		868C21101F3284260077A056 /* MemorizingViewController.swift in Sources */ = {isa = PBXBuildFile; fileRef = 868C210F1F3284260077A056 /* MemorizingViewController.swift */; };
		868C211A1F337FE10077A056 /* launch.png in Resources */ = {isa = PBXBuildFile; fileRef = 868C21171F337FE10077A056 /* launch.png */; };
		868C211B1F337FE10077A056 /* slide1.jpg in Resources */ = {isa = PBXBuildFile; fileRef = 868C21181F337FE10077A056 /* slide1.jpg */; };
		868C21241F3398450077A056 /* Icon-App-20x20@2x.png in Resources */ = {isa = PBXBuildFile; fileRef = 868C211C1F3398450077A056 /* Icon-App-20x20@2x.png */; };
		868C21251F3398450077A056 /* Icon-App-20x20@3x.png in Resources */ = {isa = PBXBuildFile; fileRef = 868C211D1F3398450077A056 /* Icon-App-20x20@3x.png */; };
		868C21261F3398450077A056 /* Icon-App-29x29@2x.png in Resources */ = {isa = PBXBuildFile; fileRef = 868C211E1F3398450077A056 /* Icon-App-29x29@2x.png */; };
		868C21271F3398450077A056 /* Icon-App-29x29@3x.png in Resources */ = {isa = PBXBuildFile; fileRef = 868C211F1F3398450077A056 /* Icon-App-29x29@3x.png */; };
		868C21281F3398450077A056 /* Icon-App-40x40@2x.png in Resources */ = {isa = PBXBuildFile; fileRef = 868C21201F3398450077A056 /* Icon-App-40x40@2x.png */; };
		868C21291F3398450077A056 /* Icon-App-40x40@3x.png in Resources */ = {isa = PBXBuildFile; fileRef = 868C21211F3398450077A056 /* Icon-App-40x40@3x.png */; };
		868C212A1F3398450077A056 /* Icon-App-60x60@2x.png in Resources */ = {isa = PBXBuildFile; fileRef = 868C21221F3398450077A056 /* Icon-App-60x60@2x.png */; };
		868C212B1F3398450077A056 /* Icon-App-60x60@3x.png in Resources */ = {isa = PBXBuildFile; fileRef = 868C21231F3398450077A056 /* Icon-App-60x60@3x.png */; };
		868C212E1F33B8760077A056 /* locked.png in Resources */ = {isa = PBXBuildFile; fileRef = 868C212C1F33B8760077A056 /* locked.png */; };
		868C212F1F33B8760077A056 /* opened.png in Resources */ = {isa = PBXBuildFile; fileRef = 868C212D1F33B8760077A056 /* opened.png */; };
		869E993E1FDD487300A2F12A /* JSONHelper.swift in Sources */ = {isa = PBXBuildFile; fileRef = 869E993D1FDD487300A2F12A /* JSONHelper.swift */; };
		86FE085B205D74BE005AC65D /* vocabularies.json in Resources */ = {isa = PBXBuildFile; fileRef = 86FE085A205D74BE005AC65D /* vocabularies.json */; };
/* End PBXBuildFile section */

/* Begin PBXCopyFilesBuildPhase section */
		865048DE205D600200A307C5 /* Embed Frameworks */ = {
			isa = PBXCopyFilesBuildPhase;
			buildActionMask = 2147483647;
			dstPath = "";
			dstSubfolderSpec = 10;
			files = (
			);
			name = "Embed Frameworks";
			runOnlyForDeploymentPostprocessing = 0;
		};
/* End PBXCopyFilesBuildPhase section */

/* Begin PBXFileReference section */
		080334CDFEDD657B1D90D168 /* Pods_Deeper.framework */ = {isa = PBXFileReference; explicitFileType = wrapper.framework; includeInIndex = 0; path = Pods_Deeper.framework; sourceTree = BUILT_PRODUCTS_DIR; };
		45411B2C27956A3551197B1E /* Pods-Deeper.debug.xcconfig */ = {isa = PBXFileReference; includeInIndex = 1; lastKnownFileType = text.xcconfig; name = "Pods-Deeper.debug.xcconfig"; path = "Pods/Target Support Files/Pods-Deeper/Pods-Deeper.debug.xcconfig"; sourceTree = "<group>"; };
		8639ABD91F4F269400A623F9 /* ColorHelper.swift */ = {isa = PBXFileReference; fileEncoding = 4; lastKnownFileType = sourcecode.swift; path = ColorHelper.swift; sourceTree = "<group>"; };
		8639ABDB1F4F2F3A00A623F9 /* SwipedLeft.swift */ = {isa = PBXFileReference; fileEncoding = 4; lastKnownFileType = sourcecode.swift; path = SwipedLeft.swift; sourceTree = "<group>"; };
		8639ABDE1F4F2FD000A623F9 /* SwipedDown.swift */ = {isa = PBXFileReference; fileEncoding = 4; lastKnownFileType = sourcecode.swift; path = SwipedDown.swift; sourceTree = "<group>"; };
		8639ABE01F4F304100A623F9 /* SwipedRight.swift */ = {isa = PBXFileReference; fileEncoding = 4; lastKnownFileType = sourcecode.swift; path = SwipedRight.swift; sourceTree = "<group>"; };
		8639ABE21F4F309400A623F9 /* SwipedUp.swift */ = {isa = PBXFileReference; fileEncoding = 4; lastKnownFileType = sourcecode.swift; path = SwipedUp.swift; sourceTree = "<group>"; };
		8639ABE41F4F377700A623F9 /* ScreenTapped.swift */ = {isa = PBXFileReference; fileEncoding = 4; lastKnownFileType = sourcecode.swift; path = ScreenTapped.swift; sourceTree = "<group>"; };
		864B21661F2C8D280087856E /* ListNameViewController.swift */ = {isa = PBXFileReference; fileEncoding = 4; lastKnownFileType = sourcecode.swift; path = ListNameViewController.swift; sourceTree = "<group>"; };
		864B216B1F2ECE010087856E /* ListViewController.swift */ = {isa = PBXFileReference; fileEncoding = 4; lastKnownFileType = sourcecode.swift; path = ListViewController.swift; sourceTree = "<group>"; };
		864B216D1F2ED0EE0087856E /* ListNameCell.swift */ = {isa = PBXFileReference; fileEncoding = 4; lastKnownFileType = sourcecode.swift; path = ListNameCell.swift; sourceTree = "<group>"; };
		864B21731F2F1D4E0087856E /* CoreDataHelper.swift */ = {isa = PBXFileReference; fileEncoding = 4; lastKnownFileType = sourcecode.swift; path = CoreDataHelper.swift; sourceTree = "<group>"; };
		864B21751F3027280087856E /* wordCell.swift */ = {isa = PBXFileReference; fileEncoding = 4; lastKnownFileType = sourcecode.swift; path = wordCell.swift; sourceTree = "<group>"; };
		865048DA205D5FE900A307C5 /* SwiftyJSON.framework */ = {isa = PBXFileReference; explicitFileType = wrapper.framework; path = SwiftyJSON.framework; sourceTree = BUILT_PRODUCTS_DIR; };
		8650A0CC1F2C5BBD00FF0EB3 /* Deeper.app */ = {isa = PBXFileReference; explicitFileType = wrapper.application; includeInIndex = 0; path = Deeper.app; sourceTree = BUILT_PRODUCTS_DIR; };
		8650A0CF1F2C5BBD00FF0EB3 /* AppDelegate.swift */ = {isa = PBXFileReference; lastKnownFileType = sourcecode.swift; path = AppDelegate.swift; sourceTree = "<group>"; };
		8650A0D41F2C5BBD00FF0EB3 /* Base */ = {isa = PBXFileReference; lastKnownFileType = file.storyboard; name = Base; path = Base.lproj/Main.storyboard; sourceTree = "<group>"; };
		8650A0D71F2C5BBD00FF0EB3 /* Deeper.xcdatamodel */ = {isa = PBXFileReference; lastKnownFileType = wrapper.xcdatamodel; path = Deeper.xcdatamodel; sourceTree = "<group>"; };
		8650A0D91F2C5BBD00FF0EB3 /* Assets.xcassets */ = {isa = PBXFileReference; lastKnownFileType = folder.assetcatalog; path = Assets.xcassets; sourceTree = "<group>"; };
		8650A0DC1F2C5BBD00FF0EB3 /* Base */ = {isa = PBXFileReference; lastKnownFileType = file.storyboard; name = Base; path = Base.lproj/LaunchScreen.storyboard; sourceTree = "<group>"; };
		8650A0DE1F2C5BBD00FF0EB3 /* Info.plist */ = {isa = PBXFileReference; lastKnownFileType = text.plist.xml; path = Info.plist; sourceTree = "<group>"; };
		868C21091F3046480077A056 /* ManualAddWordViewController.swift */ = {isa = PBXFileReference; fileEncoding = 4; lastKnownFileType = sourcecode.swift; path = ManualAddWordViewController.swift; sourceTree = "<group>"; };
		868C210D1F3067310077A056 /* ScanAddWordViewController.swift */ = {isa = PBXFileReference; fileEncoding = 4; lastKnownFileType = sourcecode.swift; path = ScanAddWordViewController.swift; sourceTree = "<group>"; };
		868C210F1F3284260077A056 /* MemorizingViewController.swift */ = {isa = PBXFileReference; fileEncoding = 4; lastKnownFileType = sourcecode.swift; path = MemorizingViewController.swift; sourceTree = "<group>"; };
		868C21171F337FE10077A056 /* launch.png */ = {isa = PBXFileReference; lastKnownFileType = image.png; name = launch.png; path = Deeper/Resources/launch.png; sourceTree = "<group>"; };
		868C21181F337FE10077A056 /* slide1.jpg */ = {isa = PBXFileReference; lastKnownFileType = image.jpeg; name = slide1.jpg; path = Deeper/Resources/slide1.jpg; sourceTree = "<group>"; };
		868C211C1F3398450077A056 /* Icon-App-20x20@2x.png */ = {isa = PBXFileReference; lastKnownFileType = image.png; name = "Icon-App-20x20@2x.png"; path = "Deeper/Resources/ios/AppIcon.appiconset/Icon-App-20x20@2x.png"; sourceTree = "<group>"; };
		868C211D1F3398450077A056 /* Icon-App-20x20@3x.png */ = {isa = PBXFileReference; lastKnownFileType = image.png; name = "Icon-App-20x20@3x.png"; path = "Deeper/Resources/ios/AppIcon.appiconset/Icon-App-20x20@3x.png"; sourceTree = "<group>"; };
		868C211E1F3398450077A056 /* Icon-App-29x29@2x.png */ = {isa = PBXFileReference; lastKnownFileType = image.png; name = "Icon-App-29x29@2x.png"; path = "Deeper/Resources/ios/AppIcon.appiconset/Icon-App-29x29@2x.png"; sourceTree = "<group>"; };
		868C211F1F3398450077A056 /* Icon-App-29x29@3x.png */ = {isa = PBXFileReference; lastKnownFileType = image.png; name = "Icon-App-29x29@3x.png"; path = "Deeper/Resources/ios/AppIcon.appiconset/Icon-App-29x29@3x.png"; sourceTree = "<group>"; };
		868C21201F3398450077A056 /* Icon-App-40x40@2x.png */ = {isa = PBXFileReference; lastKnownFileType = image.png; name = "Icon-App-40x40@2x.png"; path = "Deeper/Resources/ios/AppIcon.appiconset/Icon-App-40x40@2x.png"; sourceTree = "<group>"; };
		868C21211F3398450077A056 /* Icon-App-40x40@3x.png */ = {isa = PBXFileReference; lastKnownFileType = image.png; name = "Icon-App-40x40@3x.png"; path = "Deeper/Resources/ios/AppIcon.appiconset/Icon-App-40x40@3x.png"; sourceTree = "<group>"; };
		868C21221F3398450077A056 /* Icon-App-60x60@2x.png */ = {isa = PBXFileReference; lastKnownFileType = image.png; name = "Icon-App-60x60@2x.png"; path = "Deeper/Resources/ios/AppIcon.appiconset/Icon-App-60x60@2x.png"; sourceTree = "<group>"; };
		868C21231F3398450077A056 /* Icon-App-60x60@3x.png */ = {isa = PBXFileReference; lastKnownFileType = image.png; name = "Icon-App-60x60@3x.png"; path = "Deeper/Resources/ios/AppIcon.appiconset/Icon-App-60x60@3x.png"; sourceTree = "<group>"; };
		868C212C1F33B8760077A056 /* locked.png */ = {isa = PBXFileReference; lastKnownFileType = image.png; name = locked.png; path = Deeper/Resources/locked.png; sourceTree = "<group>"; };
		868C212D1F33B8760077A056 /* opened.png */ = {isa = PBXFileReference; lastKnownFileType = image.png; name = opened.png; path = Deeper/Resources/opened.png; sourceTree = "<group>"; };
		869E993D1FDD487300A2F12A /* JSONHelper.swift */ = {isa = PBXFileReference; lastKnownFileType = sourcecode.swift; path = JSONHelper.swift; sourceTree = "<group>"; };
		86FE085A205D74BE005AC65D /* vocabularies.json */ = {isa = PBXFileReference; fileEncoding = 4; lastKnownFileType = text.json; path = vocabularies.json; sourceTree = "<group>"; };
		F6B175E3C9EA134A9731D87B /* Pods-Deeper.release.xcconfig */ = {isa = PBXFileReference; includeInIndex = 1; lastKnownFileType = text.xcconfig; name = "Pods-Deeper.release.xcconfig"; path = "Pods/Target Support Files/Pods-Deeper/Pods-Deeper.release.xcconfig"; sourceTree = "<group>"; };
/* End PBXFileReference section */

/* Begin PBXFrameworksBuildPhase section */
		8650A0C91F2C5BBD00FF0EB3 /* Frameworks */ = {
			isa = PBXFrameworksBuildPhase;
			buildActionMask = 2147483647;
			files = (
				0B7BD6F0DD3592E7017E87C3 /* Pods_Deeper.framework in Frameworks */,
			);
			runOnlyForDeploymentPostprocessing = 0;
		};
/* End PBXFrameworksBuildPhase section */

/* Begin PBXGroup section */
		8639ABDD1F4F2F4D00A623F9 /* GestureRecognizer */ = {
			isa = PBXGroup;
			children = (
				8639ABDB1F4F2F3A00A623F9 /* SwipedLeft.swift */,
				8639ABDE1F4F2FD000A623F9 /* SwipedDown.swift */,
				8639ABE01F4F304100A623F9 /* SwipedRight.swift */,
				8639ABE21F4F309400A623F9 /* SwipedUp.swift */,
				8639ABE41F4F377700A623F9 /* ScreenTapped.swift */,
			);
			name = GestureRecognizer;
			sourceTree = "<group>";
		};
		864B21621F2C87950087856E /* Views */ = {
			isa = PBXGroup;
			children = (
				864B216D1F2ED0EE0087856E /* ListNameCell.swift */,
				864B21751F3027280087856E /* wordCell.swift */,
			);
			name = Views;
			sourceTree = "<group>";
		};
		864B21651F2C8CE40087856E /* Controllers */ = {
			isa = PBXGroup;
			children = (
				864B21661F2C8D280087856E /* ListNameViewController.swift */,
				864B216B1F2ECE010087856E /* ListViewController.swift */,
				868C21091F3046480077A056 /* ManualAddWordViewController.swift */,
				868C210D1F3067310077A056 /* ScanAddWordViewController.swift */,
				868C210F1F3284260077A056 /* MemorizingViewController.swift */,
			);
			name = Controllers;
			sourceTree = "<group>";
		};
		864B216F1F2F1CCD0087856E /* Helpers */ = {
			isa = PBXGroup;
			children = (
				864B21731F2F1D4E0087856E /* CoreDataHelper.swift */,
				8639ABD91F4F269400A623F9 /* ColorHelper.swift */,
				869E993D1FDD487300A2F12A /* JSONHelper.swift */,
			);
			name = Helpers;
			sourceTree = "<group>";
		};
		8650A0C31F2C5BBD00FF0EB3 = {
			isa = PBXGroup;
			children = (
				868C21131F337CFF0077A056 /* Resources */,
				8650A0CE1F2C5BBD00FF0EB3 /* Deeper */,
				8650A0CD1F2C5BBD00FF0EB3 /* Products */,
				ECFB62C9D65A92C85F65F2AD /* Frameworks */,
				EEC7D7DBCD47F5653BA838A5 /* Pods */,
			);
			sourceTree = "<group>";
		};
		8650A0CD1F2C5BBD00FF0EB3 /* Products */ = {
			isa = PBXGroup;
			children = (
				8650A0CC1F2C5BBD00FF0EB3 /* Deeper.app */,
			);
			name = Products;
			sourceTree = "<group>";
		};
		8650A0CE1F2C5BBD00FF0EB3 /* Deeper */ = {
			isa = PBXGroup;
			children = (
				86E536E51FBBFDA5008CFBCC /* Preset */,
				8639ABDD1F4F2F4D00A623F9 /* GestureRecognizer */,
				864B216F1F2F1CCD0087856E /* Helpers */,
				864B21651F2C8CE40087856E /* Controllers */,
				864B21621F2C87950087856E /* Views */,
				8650A0CF1F2C5BBD00FF0EB3 /* AppDelegate.swift */,
				8650A0D31F2C5BBD00FF0EB3 /* Main.storyboard */,
				8650A0D91F2C5BBD00FF0EB3 /* Assets.xcassets */,
				8650A0DB1F2C5BBD00FF0EB3 /* LaunchScreen.storyboard */,
				8650A0DE1F2C5BBD00FF0EB3 /* Info.plist */,
				8650A0D61F2C5BBD00FF0EB3 /* Deeper.xcdatamodeld */,
			);
			path = Deeper;
			sourceTree = "<group>";
		};
		868C21131F337CFF0077A056 /* Resources */ = {
			isa = PBXGroup;
			children = (
				868C212C1F33B8760077A056 /* locked.png */,
				868C212D1F33B8760077A056 /* opened.png */,
				868C211C1F3398450077A056 /* Icon-App-20x20@2x.png */,
				868C211D1F3398450077A056 /* Icon-App-20x20@3x.png */,
				868C211E1F3398450077A056 /* Icon-App-29x29@2x.png */,
				868C211F1F3398450077A056 /* Icon-App-29x29@3x.png */,
				868C21201F3398450077A056 /* Icon-App-40x40@2x.png */,
				868C21211F3398450077A056 /* Icon-App-40x40@3x.png */,
				868C21221F3398450077A056 /* Icon-App-60x60@2x.png */,
				868C21231F3398450077A056 /* Icon-App-60x60@3x.png */,
				868C21171F337FE10077A056 /* launch.png */,
				868C21181F337FE10077A056 /* slide1.jpg */,
			);
			name = Resources;
			sourceTree = "<group>";
		};
		86E536E51FBBFDA5008CFBCC /* Preset */ = {
			isa = PBXGroup;
			children = (
				86FE085A205D74BE005AC65D /* vocabularies.json */,
			);
			path = Preset;
			sourceTree = "<group>";
		};
		ECFB62C9D65A92C85F65F2AD /* Frameworks */ = {
			isa = PBXGroup;
			children = (
				865048DA205D5FE900A307C5 /* SwiftyJSON.framework */,
				080334CDFEDD657B1D90D168 /* Pods_Deeper.framework */,
			);
			name = Frameworks;
			sourceTree = "<group>";
		};
		EEC7D7DBCD47F5653BA838A5 /* Pods */ = {
			isa = PBXGroup;
			children = (
				45411B2C27956A3551197B1E /* Pods-Deeper.debug.xcconfig */,
				F6B175E3C9EA134A9731D87B /* Pods-Deeper.release.xcconfig */,
			);
			name = Pods;
			sourceTree = "<group>";
		};
/* End PBXGroup section */

/* Begin PBXNativeTarget section */
		8650A0CB1F2C5BBD00FF0EB3 /* Deeper */ = {
			isa = PBXNativeTarget;
			buildConfigurationList = 8650A0E11F2C5BBD00FF0EB3 /* Build configuration list for PBXNativeTarget "Deeper" */;
			buildPhases = (
				3B9B492F12D13BECBCE5F122 /* [CP] Check Pods Manifest.lock */,
				8650A0C81F2C5BBD00FF0EB3 /* Sources */,
				8650A0C91F2C5BBD00FF0EB3 /* Frameworks */,
				8650A0CA1F2C5BBD00FF0EB3 /* Resources */,
				76D9B7831C045DA12D6293EB /* [CP] Embed Pods Frameworks */,
				BAE5FEE9182494BF02D06EA4 /* [CP] Copy Pods Resources */,
				865048DE205D600200A307C5 /* Embed Frameworks */,
			);
			buildRules = (
			);
			dependencies = (
			);
			name = Deeper;
			productName = Deeper;
			productReference = 8650A0CC1F2C5BBD00FF0EB3 /* Deeper.app */;
			productType = "com.apple.product-type.application";
		};
/* End PBXNativeTarget section */

/* Begin PBXProject section */
		8650A0C41F2C5BBD00FF0EB3 /* Project object */ = {
			isa = PBXProject;
			attributes = {
				LastSwiftUpdateCheck = 0830;
				LastUpgradeCheck = 0830;
				ORGANIZATIONNAME = lyk91471872;
				TargetAttributes = {
					8650A0CB1F2C5BBD00FF0EB3 = {
						CreatedOnToolsVersion = 8.3.3;
						DevelopmentTeam = F3S9PUH36T;
						ProvisioningStyle = Automatic;
					};
				};
			};
			buildConfigurationList = 8650A0C71F2C5BBD00FF0EB3 /* Build configuration list for PBXProject "Deeper" */;
			compatibilityVersion = "Xcode 3.2";
			developmentRegion = English;
			hasScannedForEncodings = 0;
			knownRegions = (
				en,
				Base,
			);
			mainGroup = 8650A0C31F2C5BBD00FF0EB3;
			productRefGroup = 8650A0CD1F2C5BBD00FF0EB3 /* Products */;
			projectDirPath = "";
			projectRoot = "";
			targets = (
				8650A0CB1F2C5BBD00FF0EB3 /* Deeper */,
			);
		};
/* End PBXProject section */

/* Begin PBXResourcesBuildPhase section */
		8650A0CA1F2C5BBD00FF0EB3 /* Resources */ = {
			isa = PBXResourcesBuildPhase;
			buildActionMask = 2147483647;
			files = (
				868C212F1F33B8760077A056 /* opened.png in Resources */,
				868C21281F3398450077A056 /* Icon-App-40x40@2x.png in Resources */,
				8650A0DD1F2C5BBD00FF0EB3 /* LaunchScreen.storyboard in Resources */,
				868C211A1F337FE10077A056 /* launch.png in Resources */,
				868C21291F3398450077A056 /* Icon-App-40x40@3x.png in Resources */,
				868C21251F3398450077A056 /* Icon-App-20x20@3x.png in Resources */,
				868C21241F3398450077A056 /* Icon-App-20x20@2x.png in Resources */,
				868C212B1F3398450077A056 /* Icon-App-60x60@3x.png in Resources */,
				868C212A1F3398450077A056 /* Icon-App-60x60@2x.png in Resources */,
				86FE085B205D74BE005AC65D /* vocabularies.json in Resources */,
				868C21261F3398450077A056 /* Icon-App-29x29@2x.png in Resources */,
				8650A0DA1F2C5BBD00FF0EB3 /* Assets.xcassets in Resources */,
				8650A0D51F2C5BBD00FF0EB3 /* Main.storyboard in Resources */,
				868C211B1F337FE10077A056 /* slide1.jpg in Resources */,
				868C21271F3398450077A056 /* Icon-App-29x29@3x.png in Resources */,
				868C212E1F33B8760077A056 /* locked.png in Resources */,
			);
			runOnlyForDeploymentPostprocessing = 0;
		};
/* End PBXResourcesBuildPhase section */

/* Begin PBXShellScriptBuildPhase section */
		3B9B492F12D13BECBCE5F122 /* [CP] Check Pods Manifest.lock */ = {
			isa = PBXShellScriptBuildPhase;
			buildActionMask = 2147483647;
			files = (
			);
			inputPaths = (
				"${PODS_PODFILE_DIR_PATH}/Podfile.lock",
				"${PODS_ROOT}/Manifest.lock",
			);
			name = "[CP] Check Pods Manifest.lock";
			outputPaths = (
				"$(DERIVED_FILE_DIR)/Pods-Deeper-checkManifestLockResult.txt",
			);
			runOnlyForDeploymentPostprocessing = 0;
			shellPath = /bin/sh;
			shellScript = "diff \"${PODS_PODFILE_DIR_PATH}/Podfile.lock\" \"${PODS_ROOT}/Manifest.lock\" > /dev/null\nif [ $? != 0 ] ; then\n    # print error to STDERR\n    echo \"error: The sandbox is not in sync with the Podfile.lock. Run 'pod install' or update your CocoaPods installation.\" >&2\n    exit 1\nfi\n# This output is used by Xcode 'outputs' to avoid re-running this script phase.\necho \"SUCCESS\" > \"${SCRIPT_OUTPUT_FILE_0}\"\n";
			showEnvVarsInLog = 0;
		};
		76D9B7831C045DA12D6293EB /* [CP] Embed Pods Frameworks */ = {
			isa = PBXShellScriptBuildPhase;
			buildActionMask = 2147483647;
			files = (
			);
			inputPaths = (
				"${SRCROOT}/Pods/Target Support Files/Pods-Deeper/Pods-Deeper-frameworks.sh",
				"${BUILT_PRODUCTS_DIR}/Alamofire/Alamofire.framework",
				"${BUILT_PRODUCTS_DIR}/SwiftyJSON/SwiftyJSON.framework",
			);
			name = "[CP] Embed Pods Frameworks";
			outputPaths = (
				"${TARGET_BUILD_DIR}/${FRAMEWORKS_FOLDER_PATH}/Alamofire.framework",
				"${TARGET_BUILD_DIR}/${FRAMEWORKS_FOLDER_PATH}/SwiftyJSON.framework",
			);
			runOnlyForDeploymentPostprocessing = 0;
			shellPath = /bin/sh;
			shellScript = "\"${SRCROOT}/Pods/Target Support Files/Pods-Deeper/Pods-Deeper-frameworks.sh\"\n";
			showEnvVarsInLog = 0;
		};
		BAE5FEE9182494BF02D06EA4 /* [CP] Copy Pods Resources */ = {
			isa = PBXShellScriptBuildPhase;
			buildActionMask = 2147483647;
			files = (
			);
			inputPaths = (
			);
			name = "[CP] Copy Pods Resources";
			outputPaths = (
			);
			runOnlyForDeploymentPostprocessing = 0;
			shellPath = /bin/sh;
			shellScript = "\"${SRCROOT}/Pods/Target Support Files/Pods-Deeper/Pods-Deeper-resources.sh\"\n";
			showEnvVarsInLog = 0;
		};
/* End PBXShellScriptBuildPhase section */

/* Begin PBXSourcesBuildPhase section */
		8650A0C81F2C5BBD00FF0EB3 /* Sources */ = {
			isa = PBXSourcesBuildPhase;
			buildActionMask = 2147483647;
			files = (
				864B21741F2F1D4E0087856E /* CoreDataHelper.swift in Sources */,
				868C21101F3284260077A056 /* MemorizingViewController.swift in Sources */,
				8639ABDC1F4F2F3A00A623F9 /* SwipedLeft.swift in Sources */,
				864B21681F2C8E9C0087856E /* ListNameViewController.swift in Sources */,
				8650A0D01F2C5BBD00FF0EB3 /* AppDelegate.swift in Sources */,
				864B21761F3027280087856E /* wordCell.swift in Sources */,
				864B216E1F2ED0EE0087856E /* ListNameCell.swift in Sources */,
				864B216C1F2ECE010087856E /* ListViewController.swift in Sources */,
				8639ABDA1F4F269400A623F9 /* ColorHelper.swift in Sources */,
				868C210E1F3067310077A056 /* ScanAddWordViewController.swift in Sources */,
				8639ABE11F4F304100A623F9 /* SwipedRight.swift in Sources */,
				8639ABE51F4F377700A623F9 /* ScreenTapped.swift in Sources */,
				8639ABDF1F4F2FD000A623F9 /* SwipedDown.swift in Sources */,
				868C210A1F3046480077A056 /* ManualAddWordViewController.swift in Sources */,
				8650A0D81F2C5BBD00FF0EB3 /* Deeper.xcdatamodeld in Sources */,
				8639ABE31F4F309400A623F9 /* SwipedUp.swift in Sources */,
				869E993E1FDD487300A2F12A /* JSONHelper.swift in Sources */,
			);
			runOnlyForDeploymentPostprocessing = 0;
		};
/* End PBXSourcesBuildPhase section */

/* Begin PBXVariantGroup section */
		8650A0D31F2C5BBD00FF0EB3 /* Main.storyboard */ = {
			isa = PBXVariantGroup;
			children = (
				8650A0D41F2C5BBD00FF0EB3 /* Base */,
			);
			name = Main.storyboard;
			sourceTree = "<group>";
		};
		8650A0DB1F2C5BBD00FF0EB3 /* LaunchScreen.storyboard */ = {
			isa = PBXVariantGroup;
			children = (
				8650A0DC1F2C5BBD00FF0EB3 /* Base */,
			);
			name = LaunchScreen.storyboard;
			sourceTree = "<group>";
		};
/* End PBXVariantGroup section */

/* Begin XCBuildConfiguration section */
		8650A0DF1F2C5BBD00FF0EB3 /* Debug */ = {
			isa = XCBuildConfiguration;
			buildSettings = {
				ALWAYS_SEARCH_USER_PATHS = NO;
				CLANG_ANALYZER_NONNULL = YES;
				CLANG_ANALYZER_NUMBER_OBJECT_CONVERSION = YES_AGGRESSIVE;
				CLANG_CXX_LANGUAGE_STANDARD = "gnu++0x";
				CLANG_CXX_LIBRARY = "libc++";
				CLANG_ENABLE_MODULES = YES;
				CLANG_ENABLE_OBJC_ARC = YES;
				CLANG_WARN_BOOL_CONVERSION = YES;
				CLANG_WARN_CONSTANT_CONVERSION = YES;
				CLANG_WARN_DIRECT_OBJC_ISA_USAGE = YES_ERROR;
				CLANG_WARN_DOCUMENTATION_COMMENTS = YES;
				CLANG_WARN_EMPTY_BODY = YES;
				CLANG_WARN_ENUM_CONVERSION = YES;
				CLANG_WARN_INFINITE_RECURSION = YES;
				CLANG_WARN_INT_CONVERSION = YES;
				CLANG_WARN_OBJC_ROOT_CLASS = YES_ERROR;
				CLANG_WARN_SUSPICIOUS_MOVE = YES;
				CLANG_WARN_UNREACHABLE_CODE = YES;
				CLANG_WARN__DUPLICATE_METHOD_MATCH = YES;
				"CODE_SIGN_IDENTITY[sdk=iphoneos*]" = "iPhone Developer";
				COPY_PHASE_STRIP = NO;
				DEBUG_INFORMATION_FORMAT = dwarf;
				ENABLE_STRICT_OBJC_MSGSEND = YES;
				ENABLE_TESTABILITY = YES;
				GCC_C_LANGUAGE_STANDARD = gnu99;
				GCC_DYNAMIC_NO_PIC = NO;
				GCC_NO_COMMON_BLOCKS = YES;
				GCC_OPTIMIZATION_LEVEL = 0;
				GCC_PREPROCESSOR_DEFINITIONS = (
					"DEBUG=1",
					"$(inherited)",
				);
				GCC_WARN_64_TO_32_BIT_CONVERSION = YES;
				GCC_WARN_ABOUT_RETURN_TYPE = YES_ERROR;
				GCC_WARN_UNDECLARED_SELECTOR = YES;
				GCC_WARN_UNINITIALIZED_AUTOS = YES_AGGRESSIVE;
				GCC_WARN_UNUSED_FUNCTION = YES;
				GCC_WARN_UNUSED_VARIABLE = YES;
				IPHONEOS_DEPLOYMENT_TARGET = 10.3;
				MTL_ENABLE_DEBUG_INFO = YES;
				ONLY_ACTIVE_ARCH = YES;
				SDKROOT = iphoneos;
				SWIFT_ACTIVE_COMPILATION_CONDITIONS = DEBUG;
				SWIFT_OPTIMIZATION_LEVEL = "-Onone";
			};
			name = Debug;
		};
		8650A0E01F2C5BBD00FF0EB3 /* Release */ = {
			isa = XCBuildConfiguration;
			buildSettings = {
				ALWAYS_SEARCH_USER_PATHS = NO;
				CLANG_ANALYZER_NONNULL = YES;
				CLANG_ANALYZER_NUMBER_OBJECT_CONVERSION = YES_AGGRESSIVE;
				CLANG_CXX_LANGUAGE_STANDARD = "gnu++0x";
				CLANG_CXX_LIBRARY = "libc++";
				CLANG_ENABLE_MODULES = YES;
				CLANG_ENABLE_OBJC_ARC = YES;
				CLANG_WARN_BOOL_CONVERSION = YES;
				CLANG_WARN_CONSTANT_CONVERSION = YES;
				CLANG_WARN_DIRECT_OBJC_ISA_USAGE = YES_ERROR;
				CLANG_WARN_DOCUMENTATION_COMMENTS = YES;
				CLANG_WARN_EMPTY_BODY = YES;
				CLANG_WARN_ENUM_CONVERSION = YES;
				CLANG_WARN_INFINITE_RECURSION = YES;
				CLANG_WARN_INT_CONVERSION = YES;
				CLANG_WARN_OBJC_ROOT_CLASS = YES_ERROR;
				CLANG_WARN_SUSPICIOUS_MOVE = YES;
				CLANG_WARN_UNREACHABLE_CODE = YES;
				CLANG_WARN__DUPLICATE_METHOD_MATCH = YES;
				"CODE_SIGN_IDENTITY[sdk=iphoneos*]" = "iPhone Developer";
				COPY_PHASE_STRIP = NO;
				DEBUG_INFORMATION_FORMAT = "dwarf-with-dsym";
				ENABLE_NS_ASSERTIONS = NO;
				ENABLE_STRICT_OBJC_MSGSEND = YES;
				GCC_C_LANGUAGE_STANDARD = gnu99;
				GCC_NO_COMMON_BLOCKS = YES;
				GCC_WARN_64_TO_32_BIT_CONVERSION = YES;
				GCC_WARN_ABOUT_RETURN_TYPE = YES_ERROR;
				GCC_WARN_UNDECLARED_SELECTOR = YES;
				GCC_WARN_UNINITIALIZED_AUTOS = YES_AGGRESSIVE;
				GCC_WARN_UNUSED_FUNCTION = YES;
				GCC_WARN_UNUSED_VARIABLE = YES;
				IPHONEOS_DEPLOYMENT_TARGET = 10.3;
				MTL_ENABLE_DEBUG_INFO = NO;
				SDKROOT = iphoneos;
				SWIFT_OPTIMIZATION_LEVEL = "-Owholemodule";
				VALIDATE_PRODUCT = YES;
			};
			name = Release;
		};
		8650A0E21F2C5BBD00FF0EB3 /* Debug */ = {
			isa = XCBuildConfiguration;
			baseConfigurationReference = 45411B2C27956A3551197B1E /* Pods-Deeper.debug.xcconfig */;
			buildSettings = {
				ASSETCATALOG_COMPILER_APPICON_NAME = AppIcon;
				DEVELOPMENT_TEAM = F3S9PUH36T;
				FRAMEWORK_SEARCH_PATHS = (
					"$(inherited)",
					"$(PROJECT_DIR)",
				);
				INFOPLIST_FILE = Deeper/Info.plist;
				IPHONEOS_DEPLOYMENT_TARGET = 10.0;
				LD_RUNPATH_SEARCH_PATHS = "$(inherited) @executable_path/Frameworks";
				PRODUCT_BUNDLE_IDENTIFIER = org.lyk91471872.Deeper;
				PRODUCT_NAME = "$(TARGET_NAME)";
				SWIFT_VERSION = 3.0;
				TARGETED_DEVICE_FAMILY = "1,2";
			};
			name = Debug;
		};
		8650A0E31F2C5BBD00FF0EB3 /* Release */ = {
			isa = XCBuildConfiguration;
			baseConfigurationReference = F6B175E3C9EA134A9731D87B /* Pods-Deeper.release.xcconfig */;
			buildSettings = {
				ASSETCATALOG_COMPILER_APPICON_NAME = AppIcon;
				DEVELOPMENT_TEAM = F3S9PUH36T;
				FRAMEWORK_SEARCH_PATHS = (
					"$(inherited)",
					"$(PROJECT_DIR)",
				);
				INFOPLIST_FILE = Deeper/Info.plist;
				IPHONEOS_DEPLOYMENT_TARGET = 10.0;
				LD_RUNPATH_SEARCH_PATHS = "$(inherited) @executable_path/Frameworks";
				PRODUCT_BUNDLE_IDENTIFIER = org.lyk91471872.Deeper;
				PRODUCT_NAME = "$(TARGET_NAME)";
				SWIFT_VERSION = 3.0;
				TARGETED_DEVICE_FAMILY = "1,2";
			};
			name = Release;
		};
/* End XCBuildConfiguration section */

/* Begin XCConfigurationList section */
		8650A0C71F2C5BBD00FF0EB3 /* Build configuration list for PBXProject "Deeper" */ = {
			isa = XCConfigurationList;
			buildConfigurations = (
				8650A0DF1F2C5BBD00FF0EB3 /* Debug */,
				8650A0E01F2C5BBD00FF0EB3 /* Release */,
			);
			defaultConfigurationIsVisible = 0;
			defaultConfigurationName = Release;
		};
		8650A0E11F2C5BBD00FF0EB3 /* Build configuration list for PBXNativeTarget "Deeper" */ = {
			isa = XCConfigurationList;
			buildConfigurations = (
				8650A0E21F2C5BBD00FF0EB3 /* Debug */,
				8650A0E31F2C5BBD00FF0EB3 /* Release */,
			);
			defaultConfigurationIsVisible = 0;
			defaultConfigurationName = Release;
		};
/* End XCConfigurationList section */

/* Begin XCVersionGroup section */
		8650A0D61F2C5BBD00FF0EB3 /* Deeper.xcdatamodeld */ = {
			isa = XCVersionGroup;
			children = (
				8650A0D71F2C5BBD00FF0EB3 /* Deeper.xcdatamodel */,
			);
			currentVersion = 8650A0D71F2C5BBD00FF0EB3 /* Deeper.xcdatamodel */;
			path = Deeper.xcdatamodeld;
			sourceTree = "<group>";
			versionGroupType = wrapper.xcdatamodel;
		};
/* End XCVersionGroup section */
	};
	rootObject = 8650A0C41F2C5BBD00FF0EB3 /* Project object */;
}
